// !$*UTF8*$!
{
	archiveVersion = 1;
	classes = {
	};
	objectVersion = 55;
	objects = {

/* Begin PBXBuildFile section */
		1B0808832893E1B2001704C2 /* URL+Extension.swift in Sources */ = {isa = PBXBuildFile; fileRef = 1B0808822893E1B2001704C2 /* URL+Extension.swift */; };
		1B0808852893E4B8001704C2 /* UIAlertController+Extension.swift in Sources */ = {isa = PBXBuildFile; fileRef = 1B0808842893E4B8001704C2 /* UIAlertController+Extension.swift */; };
		1B08088728979768001704C2 /* SignInFormViewController.swift in Sources */ = {isa = PBXBuildFile; fileRef = 1B08088628979768001704C2 /* SignInFormViewController.swift */; };
		1B080889289809E6001704C2 /* UIScrollView+Extension.swift in Sources */ = {isa = PBXBuildFile; fileRef = 1B080888289809E6001704C2 /* UIScrollView+Extension.swift */; };
		1B20F79A288EC195004EBE9F /* CommonTextField.swift in Sources */ = {isa = PBXBuildFile; fileRef = 1B20F799288EC195004EBE9F /* CommonTextField.swift */; };
		1B20F79D288FA34E004EBE9F /* LoginModel.swift in Sources */ = {isa = PBXBuildFile; fileRef = 1B20F79C288FA34E004EBE9F /* LoginModel.swift */; };
		1B3C0649287BDD15006A36CF /* AppDelegate.swift in Sources */ = {isa = PBXBuildFile; fileRef = 1B3C0648287BDD15006A36CF /* AppDelegate.swift */; };
		1B3C064B287BDD15006A36CF /* SceneDelegate.swift in Sources */ = {isa = PBXBuildFile; fileRef = 1B3C064A287BDD15006A36CF /* SceneDelegate.swift */; };
		1B3C0652287BDD17006A36CF /* Assets.xcassets in Resources */ = {isa = PBXBuildFile; fileRef = 1B3C0651287BDD17006A36CF /* Assets.xcassets */; };
		1B3C0660287BE02E006A36CF /* LoginViewController.swift in Sources */ = {isa = PBXBuildFile; fileRef = 1B3C065F287BE02D006A36CF /* LoginViewController.swift */; };
		1B5D698B2898D65B00AE9495 /* UIView+Extension.swift in Sources */ = {isa = PBXBuildFile; fileRef = 1B5D698A2898D65B00AE9495 /* UIView+Extension.swift */; };
		1B5D698E2898DF3200AE9495 /* RequestHTTPModel.swift in Sources */ = {isa = PBXBuildFile; fileRef = 1B5D698D2898DF3200AE9495 /* RequestHTTPModel.swift */; };
		1B5D69932898DF6500AE9495 /* RequestBuilder.swift in Sources */ = {isa = PBXBuildFile; fileRef = 1B5D69922898DF6500AE9495 /* RequestBuilder.swift */; };
		1B5D699528990BB000AE9495 /* RequestTextField.swift in Sources */ = {isa = PBXBuildFile; fileRef = 1B5D699428990BB000AE9495 /* RequestTextField.swift */; };
		1B5D6997289A3E0600AE9495 /* DescriptionLabel.swift in Sources */ = {isa = PBXBuildFile; fileRef = 1B5D6996289A3E0600AE9495 /* DescriptionLabel.swift */; };
		1B5D6999289A461200AE9495 /* RequestHTTPTimerModel.swift in Sources */ = {isa = PBXBuildFile; fileRef = 1B5D6998289A461200AE9495 /* RequestHTTPTimerModel.swift */; };
		1B66B236288FB2610062860F /* CommonInputView.swift in Sources */ = {isa = PBXBuildFile; fileRef = 1B66B235288FB2610062860F /* CommonInputView.swift */; };
		1B7985F628925152004E1EEA /* NSAttributedString+Extension.swift in Sources */ = {isa = PBXBuildFile; fileRef = 1B7985F528925152004E1EEA /* NSAttributedString+Extension.swift */; };
		1B8E4A942886184000432728 /* SeparatorLineView.swift in Sources */ = {isa = PBXBuildFile; fileRef = 1B8E4A932886184000432728 /* SeparatorLineView.swift */; };
		1B8E4A96288684EA00432728 /* OpaqueLoadingView.swift in Sources */ = {isa = PBXBuildFile; fileRef = 1B8E4A95288684EA00432728 /* OpaqueLoadingView.swift */; };
		1B8E4A982886DD5200432728 /* SignInLoginButton.swift in Sources */ = {isa = PBXBuildFile; fileRef = 1B8E4A972886DD5200432728 /* SignInLoginButton.swift */; };
		1B8E4A9A2887CE0300432728 /* IssueListViewController.swift in Sources */ = {isa = PBXBuildFile; fileRef = 1B8E4A992887CE0300432728 /* IssueListViewController.swift */; };
		1B8E4AA02887DAAA00432728 /* SettingProxyViewController.swift in Sources */ = {isa = PBXBuildFile; fileRef = 1B8E4A9F2887DAAA00432728 /* SettingProxyViewController.swift */; };
		1B8E4AA22887DAB200432728 /* CommonProxyViewController.swift in Sources */ = {isa = PBXBuildFile; fileRef = 1B8E4AA12887DAB200432728 /* CommonProxyViewController.swift */; };
		1B8E4AA428890E4500432728 /* MainTabBarController.swift in Sources */ = {isa = PBXBuildFile; fileRef = 1B8E4AA328890E4500432728 /* MainTabBarController.swift */; };
		1B8E4AA6288910E200432728 /* IssueListNavigationController.swift in Sources */ = {isa = PBXBuildFile; fileRef = 1B8E4AA5288910E200432728 /* IssueListNavigationController.swift */; };
		1B8E4AA8288910FF00432728 /* MyPageNavigationController.swift in Sources */ = {isa = PBXBuildFile; fileRef = 1B8E4AA7288910FF00432728 /* MyPageNavigationController.swift */; };
		1B8E4AAA2889110900432728 /* SettingsNavigationController.swift in Sources */ = {isa = PBXBuildFile; fileRef = 1B8E4AA92889110900432728 /* SettingsNavigationController.swift */; };
		1B8E4AAE2889114A00432728 /* MyPageViewController.swift in Sources */ = {isa = PBXBuildFile; fileRef = 1B8E4AAD2889114A00432728 /* MyPageViewController.swift */; };
		1B8E4AB02889115200432728 /* SettingsViewController.swift in Sources */ = {isa = PBXBuildFile; fileRef = 1B8E4AAF2889115200432728 /* SettingsViewController.swift */; };
		1B8E4AB228892AEF00432728 /* IssueEditViewController.swift in Sources */ = {isa = PBXBuildFile; fileRef = 1B8E4AB128892AEF00432728 /* IssueEditViewController.swift */; };
		1B8E4AB428892EF200432728 /* IssueListTableViewCell.swift in Sources */ = {isa = PBXBuildFile; fileRef = 1B8E4AB328892EF200432728 /* IssueListTableViewCell.swift */; };
		1B8E4AB628892F0B00432728 /* ViewBindable.swift in Sources */ = {isa = PBXBuildFile; fileRef = 1B8E4AB528892F0B00432728 /* ViewBindable.swift */; };
		1B8E4AB828892F0F00432728 /* ViewBinding.swift in Sources */ = {isa = PBXBuildFile; fileRef = 1B8E4AB728892F0F00432728 /* ViewBinding.swift */; };
		1BBA3E9C287D2A5800DC57A0 /* SignInCategoryViewController.swift in Sources */ = {isa = PBXBuildFile; fileRef = 1BBA3E9B287D2A5800DC57A0 /* SignInCategoryViewController.swift */; };
		1BBA3E9E287D30F600DC57A0 /* SignInViewController.swift in Sources */ = {isa = PBXBuildFile; fileRef = 1BBA3E9D287D30F600DC57A0 /* SignInViewController.swift */; };
		1BBA3EA1287D6A9E00DC57A0 /* HorizontalTitleTextField.swift in Sources */ = {isa = PBXBuildFile; fileRef = 1BBA3EA0287D6A9E00DC57A0 /* HorizontalTitleTextField.swift */; };
		1BBA3EA3287D800900DC57A0 /* HorizontalButtons.swift in Sources */ = {isa = PBXBuildFile; fileRef = 1BBA3EA2287D800900DC57A0 /* HorizontalButtons.swift */; };
		1BF71602287C3B9F002B0253 /* LoginNavigationController.swift in Sources */ = {isa = PBXBuildFile; fileRef = 1BF71601287C3B9F002B0253 /* LoginNavigationController.swift */; };
		79CCF85D45CE0B358F88A6B1 /* Pods_issue_tracker.framework in Frameworks */ = {isa = PBXBuildFile; fileRef = 0A1B3EB3BD4AA49D6B4DC9B7 /* Pods_issue_tracker.framework */; };
/* End PBXBuildFile section */

/* Begin PBXFileReference section */
		0A1B3EB3BD4AA49D6B4DC9B7 /* Pods_issue_tracker.framework */ = {isa = PBXFileReference; explicitFileType = wrapper.framework; includeInIndex = 0; path = Pods_issue_tracker.framework; sourceTree = BUILT_PRODUCTS_DIR; };
		1B0808812893DDC2001704C2 /* RELEASE.xcconfig */ = {isa = PBXFileReference; lastKnownFileType = text.xcconfig; path = RELEASE.xcconfig; sourceTree = "<group>"; };
		1B0808822893E1B2001704C2 /* URL+Extension.swift */ = {isa = PBXFileReference; lastKnownFileType = sourcecode.swift; path = "URL+Extension.swift"; sourceTree = "<group>"; };
		1B0808842893E4B8001704C2 /* UIAlertController+Extension.swift */ = {isa = PBXFileReference; lastKnownFileType = sourcecode.swift; path = "UIAlertController+Extension.swift"; sourceTree = "<group>"; };
		1B08088628979768001704C2 /* SignInFormViewController.swift */ = {isa = PBXFileReference; lastKnownFileType = sourcecode.swift; path = SignInFormViewController.swift; sourceTree = "<group>"; };
		1B080888289809E6001704C2 /* UIScrollView+Extension.swift */ = {isa = PBXFileReference; lastKnownFileType = sourcecode.swift; path = "UIScrollView+Extension.swift"; sourceTree = "<group>"; };
		1B20F799288EC195004EBE9F /* CommonTextField.swift */ = {isa = PBXFileReference; lastKnownFileType = sourcecode.swift; path = CommonTextField.swift; sourceTree = "<group>"; };
		1B20F79C288FA34E004EBE9F /* LoginModel.swift */ = {isa = PBXFileReference; lastKnownFileType = sourcecode.swift; path = LoginModel.swift; sourceTree = "<group>"; };
		1B3C0645287BDD15006A36CF /* issue-tracker.app */ = {isa = PBXFileReference; explicitFileType = wrapper.application; includeInIndex = 0; path = "issue-tracker.app"; sourceTree = BUILT_PRODUCTS_DIR; };
		1B3C0648287BDD15006A36CF /* AppDelegate.swift */ = {isa = PBXFileReference; lastKnownFileType = sourcecode.swift; path = AppDelegate.swift; sourceTree = "<group>"; };
		1B3C064A287BDD15006A36CF /* SceneDelegate.swift */ = {isa = PBXFileReference; lastKnownFileType = sourcecode.swift; path = SceneDelegate.swift; sourceTree = "<group>"; };
		1B3C0651287BDD17006A36CF /* Assets.xcassets */ = {isa = PBXFileReference; lastKnownFileType = folder.assetcatalog; path = Assets.xcassets; sourceTree = "<group>"; };
		1B3C0656287BDD17006A36CF /* Info.plist */ = {isa = PBXFileReference; lastKnownFileType = text.plist.xml; path = Info.plist; sourceTree = "<group>"; };
		1B3C065F287BE02D006A36CF /* LoginViewController.swift */ = {isa = PBXFileReference; lastKnownFileType = sourcecode.swift; path = LoginViewController.swift; sourceTree = "<group>"; };
		1B5D698A2898D65B00AE9495 /* UIView+Extension.swift */ = {isa = PBXFileReference; lastKnownFileType = sourcecode.swift; path = "UIView+Extension.swift"; sourceTree = "<group>"; };
		1B5D698D2898DF3200AE9495 /* RequestHTTPModel.swift */ = {isa = PBXFileReference; lastKnownFileType = sourcecode.swift; path = RequestHTTPModel.swift; sourceTree = "<group>"; };
		1B5D69922898DF6500AE9495 /* RequestBuilder.swift */ = {isa = PBXFileReference; lastKnownFileType = sourcecode.swift; path = RequestBuilder.swift; sourceTree = "<group>"; };
		1B5D699428990BB000AE9495 /* RequestTextField.swift */ = {isa = PBXFileReference; lastKnownFileType = sourcecode.swift; path = RequestTextField.swift; sourceTree = "<group>"; };
		1B5D6996289A3E0600AE9495 /* DescriptionLabel.swift */ = {isa = PBXFileReference; lastKnownFileType = sourcecode.swift; path = DescriptionLabel.swift; sourceTree = "<group>"; };
		1B5D6998289A461200AE9495 /* RequestHTTPTimerModel.swift */ = {isa = PBXFileReference; lastKnownFileType = sourcecode.swift; path = RequestHTTPTimerModel.swift; sourceTree = "<group>"; };
		1B66B235288FB2610062860F /* CommonInputView.swift */ = {isa = PBXFileReference; lastKnownFileType = sourcecode.swift; path = CommonInputView.swift; sourceTree = "<group>"; };
		1B7985F528925152004E1EEA /* NSAttributedString+Extension.swift */ = {isa = PBXFileReference; lastKnownFileType = sourcecode.swift; path = "NSAttributedString+Extension.swift"; sourceTree = "<group>"; };
		1B8E4A932886184000432728 /* SeparatorLineView.swift */ = {isa = PBXFileReference; lastKnownFileType = sourcecode.swift; path = SeparatorLineView.swift; sourceTree = "<group>"; };
		1B8E4A95288684EA00432728 /* OpaqueLoadingView.swift */ = {isa = PBXFileReference; lastKnownFileType = sourcecode.swift; path = OpaqueLoadingView.swift; sourceTree = "<group>"; };
		1B8E4A972886DD5200432728 /* SignInLoginButton.swift */ = {isa = PBXFileReference; lastKnownFileType = sourcecode.swift; path = SignInLoginButton.swift; sourceTree = "<group>"; };
		1B8E4A992887CE0300432728 /* IssueListViewController.swift */ = {isa = PBXFileReference; lastKnownFileType = sourcecode.swift; path = IssueListViewController.swift; sourceTree = "<group>"; };
		1B8E4A9F2887DAAA00432728 /* SettingProxyViewController.swift */ = {isa = PBXFileReference; lastKnownFileType = sourcecode.swift; path = SettingProxyViewController.swift; sourceTree = "<group>"; };
		1B8E4AA12887DAB200432728 /* CommonProxyViewController.swift */ = {isa = PBXFileReference; lastKnownFileType = sourcecode.swift; path = CommonProxyViewController.swift; sourceTree = "<group>"; };
		1B8E4AA328890E4500432728 /* MainTabBarController.swift */ = {isa = PBXFileReference; lastKnownFileType = sourcecode.swift; path = MainTabBarController.swift; sourceTree = "<group>"; };
		1B8E4AA5288910E200432728 /* IssueListNavigationController.swift */ = {isa = PBXFileReference; lastKnownFileType = sourcecode.swift; path = IssueListNavigationController.swift; sourceTree = "<group>"; };
		1B8E4AA7288910FF00432728 /* MyPageNavigationController.swift */ = {isa = PBXFileReference; lastKnownFileType = sourcecode.swift; path = MyPageNavigationController.swift; sourceTree = "<group>"; };
		1B8E4AA92889110900432728 /* SettingsNavigationController.swift */ = {isa = PBXFileReference; lastKnownFileType = sourcecode.swift; path = SettingsNavigationController.swift; sourceTree = "<group>"; };
		1B8E4AAD2889114A00432728 /* MyPageViewController.swift */ = {isa = PBXFileReference; lastKnownFileType = sourcecode.swift; path = MyPageViewController.swift; sourceTree = "<group>"; };
		1B8E4AAF2889115200432728 /* SettingsViewController.swift */ = {isa = PBXFileReference; lastKnownFileType = sourcecode.swift; path = SettingsViewController.swift; sourceTree = "<group>"; };
		1B8E4AB128892AEF00432728 /* IssueEditViewController.swift */ = {isa = PBXFileReference; lastKnownFileType = sourcecode.swift; path = IssueEditViewController.swift; sourceTree = "<group>"; };
		1B8E4AB328892EF200432728 /* IssueListTableViewCell.swift */ = {isa = PBXFileReference; lastKnownFileType = sourcecode.swift; path = IssueListTableViewCell.swift; sourceTree = "<group>"; };
		1B8E4AB528892F0B00432728 /* ViewBindable.swift */ = {isa = PBXFileReference; lastKnownFileType = sourcecode.swift; path = ViewBindable.swift; sourceTree = "<group>"; };
		1B8E4AB728892F0F00432728 /* ViewBinding.swift */ = {isa = PBXFileReference; lastKnownFileType = sourcecode.swift; path = ViewBinding.swift; sourceTree = "<group>"; };
		1B8E4AB9288A6E4D00432728 /* issue-tracker.entitlements */ = {isa = PBXFileReference; lastKnownFileType = text.plist.entitlements; path = "issue-tracker.entitlements"; sourceTree = "<group>"; };
		1BBA3E9B287D2A5800DC57A0 /* SignInCategoryViewController.swift */ = {isa = PBXFileReference; lastKnownFileType = sourcecode.swift; path = SignInCategoryViewController.swift; sourceTree = "<group>"; };
		1BBA3E9D287D30F600DC57A0 /* SignInViewController.swift */ = {isa = PBXFileReference; lastKnownFileType = sourcecode.swift; path = SignInViewController.swift; sourceTree = "<group>"; };
		1BBA3EA0287D6A9E00DC57A0 /* HorizontalTitleTextField.swift */ = {isa = PBXFileReference; lastKnownFileType = sourcecode.swift; path = HorizontalTitleTextField.swift; sourceTree = "<group>"; };
		1BBA3EA2287D800900DC57A0 /* HorizontalButtons.swift */ = {isa = PBXFileReference; lastKnownFileType = sourcecode.swift; path = HorizontalButtons.swift; sourceTree = "<group>"; };
		1BF71601287C3B9F002B0253 /* LoginNavigationController.swift */ = {isa = PBXFileReference; lastKnownFileType = sourcecode.swift; path = LoginNavigationController.swift; sourceTree = "<group>"; };
		5FD7055645C55C316497802F /* Pods-issue-tracker.debug.xcconfig */ = {isa = PBXFileReference; includeInIndex = 1; lastKnownFileType = text.xcconfig; name = "Pods-issue-tracker.debug.xcconfig"; path = "Target Support Files/Pods-issue-tracker/Pods-issue-tracker.debug.xcconfig"; sourceTree = "<group>"; };
		E128D463EDE30DD08500270D /* Pods-issue-tracker.release.xcconfig */ = {isa = PBXFileReference; includeInIndex = 1; lastKnownFileType = text.xcconfig; name = "Pods-issue-tracker.release.xcconfig"; path = "Target Support Files/Pods-issue-tracker/Pods-issue-tracker.release.xcconfig"; sourceTree = "<group>"; };
/* End PBXFileReference section */

/* Begin PBXFrameworksBuildPhase section */
		1B3C0642287BDD15006A36CF /* Frameworks */ = {
			isa = PBXFrameworksBuildPhase;
			buildActionMask = 2147483647;
			files = (
				79CCF85D45CE0B358F88A6B1 /* Pods_issue_tracker.framework in Frameworks */,
			);
			runOnlyForDeploymentPostprocessing = 0;
		};
/* End PBXFrameworksBuildPhase section */

/* Begin PBXGroup section */
		1B0808802893DDB1001704C2 /* configs */ = {
			isa = PBXGroup;
			children = (
				1B0808812893DDC2001704C2 /* RELEASE.xcconfig */,
			);
			path = configs;
			sourceTree = "<group>";
		};
		1B20F79B288FA33E004EBE9F /* Model */ = {
			isa = PBXGroup;
			children = (
				1B20F79C288FA34E004EBE9F /* LoginModel.swift */,
			);
			path = Model;
			sourceTree = "<group>";
		};
		1B3C063C287BDD15006A36CF = {
			isa = PBXGroup;
			children = (
				1B3C0647287BDD15006A36CF /* issue-tracker */,
				1B3C0646287BDD15006A36CF /* Products */,
				440D177E0B9EC4919A60E539 /* Pods */,
				A7F487DF3B8972BAF813A75C /* Frameworks */,
			);
			sourceTree = "<group>";
		};
		1B3C0646287BDD15006A36CF /* Products */ = {
			isa = PBXGroup;
			children = (
				1B3C0645287BDD15006A36CF /* issue-tracker.app */,
			);
			name = Products;
			sourceTree = "<group>";
		};
		1B3C0647287BDD15006A36CF /* issue-tracker */ = {
			isa = PBXGroup;
			children = (
				1B8E4AB9288A6E4D00432728 /* issue-tracker.entitlements */,
				1BBA3E9F287D6A8500DC57A0 /* UIComponents */,
				1B5D69912898DF4000AE9495 /* CommonModel */,
				1B3C0661287BE096006A36CF /* Resources */,
				1B8E4A9E2887D94200432728 /* Proxy */,
				1B3C0662287BE09C006A36CF /* Login */,
				1B8E4A9B2887CE0800432728 /* IssueList */,
				1B8E4AAC2889111400432728 /* MyPage */,
				1B8E4AAB2889110E00432728 /* Settings */,
			);
			path = "issue-tracker";
			sourceTree = "<group>";
		};
		1B3C0661287BE096006A36CF /* Resources */ = {
			isa = PBXGroup;
			children = (
				1B0808802893DDB1001704C2 /* configs */,
				1B3C0648287BDD15006A36CF /* AppDelegate.swift */,
				1B3C064A287BDD15006A36CF /* SceneDelegate.swift */,
				1B3C0651287BDD17006A36CF /* Assets.xcassets */,
				1B3C0656287BDD17006A36CF /* Info.plist */,
				1B0808822893E1B2001704C2 /* URL+Extension.swift */,
			);
			path = Resources;
			sourceTree = "<group>";
		};
		1B3C0662287BE09C006A36CF /* Login */ = {
			isa = PBXGroup;
			children = (
				1B20F79B288FA33E004EBE9F /* Model */,
				1B3C065F287BE02D006A36CF /* LoginViewController.swift */,
				1BBA3E9B287D2A5800DC57A0 /* SignInCategoryViewController.swift */,
				1B08088628979768001704C2 /* SignInFormViewController.swift */,
				1B5D6996289A3E0600AE9495 /* DescriptionLabel.swift */,
				1BBA3E9D287D30F600DC57A0 /* SignInViewController.swift */,
				1BF71601287C3B9F002B0253 /* LoginNavigationController.swift */,
				1B8E4A972886DD5200432728 /* SignInLoginButton.swift */,
			);
			path = Login;
			sourceTree = "<group>";
		};
		1B5D698C2898D7A200AE9495 /* extensions */ = {
			isa = PBXGroup;
			children = (
				1B7985F528925152004E1EEA /* NSAttributedString+Extension.swift */,
				1B0808842893E4B8001704C2 /* UIAlertController+Extension.swift */,
				1B080888289809E6001704C2 /* UIScrollView+Extension.swift */,
				1B5D698A2898D65B00AE9495 /* UIView+Extension.swift */,
			);
			path = extensions;
			sourceTree = "<group>";
		};
		1B5D69912898DF4000AE9495 /* CommonModel */ = {
			isa = PBXGroup;
			children = (
				1B5D698D2898DF3200AE9495 /* RequestHTTPModel.swift */,
				1B5D6998289A461200AE9495 /* RequestHTTPTimerModel.swift */,
				1B5D69922898DF6500AE9495 /* RequestBuilder.swift */,
			);
			path = CommonModel;
			sourceTree = "<group>";
		};
		1B8E4A9B2887CE0800432728 /* IssueList */ = {
			isa = PBXGroup;
			children = (
				1B8E4AA328890E4500432728 /* MainTabBarController.swift */,
				1B8E4AA5288910E200432728 /* IssueListNavigationController.swift */,
				1B8E4A992887CE0300432728 /* IssueListViewController.swift */,
				1B8E4AB328892EF200432728 /* IssueListTableViewCell.swift */,
				1B8E4AB128892AEF00432728 /* IssueEditViewController.swift */,
			);
			path = IssueList;
			sourceTree = "<group>";
		};
		1B8E4A9E2887D94200432728 /* Proxy */ = {
			isa = PBXGroup;
			children = (
				1B8E4A9F2887DAAA00432728 /* SettingProxyViewController.swift */,
				1B8E4AA12887DAB200432728 /* CommonProxyViewController.swift */,
			);
			path = Proxy;
			sourceTree = "<group>";
		};
		1B8E4AAB2889110E00432728 /* Settings */ = {
			isa = PBXGroup;
			children = (
				1B8E4AA92889110900432728 /* SettingsNavigationController.swift */,
				1B8E4AAF2889115200432728 /* SettingsViewController.swift */,
			);
			path = Settings;
			sourceTree = "<group>";
		};
		1B8E4AAC2889111400432728 /* MyPage */ = {
			isa = PBXGroup;
			children = (
				1B8E4AA7288910FF00432728 /* MyPageNavigationController.swift */,
				1B8E4AAD2889114A00432728 /* MyPageViewController.swift */,
			);
			path = MyPage;
			sourceTree = "<group>";
		};
		1BBA3E9F287D6A8500DC57A0 /* UIComponents */ = {
			isa = PBXGroup;
			children = (
				1B5D698C2898D7A200AE9495 /* extensions */,
				1BBA3EA0287D6A9E00DC57A0 /* HorizontalTitleTextField.swift */,
				1BBA3EA2287D800900DC57A0 /* HorizontalButtons.swift */,
				1B8E4A932886184000432728 /* SeparatorLineView.swift */,
				1B8E4A95288684EA00432728 /* OpaqueLoadingView.swift */,
				1B8E4AB528892F0B00432728 /* ViewBindable.swift */,
				1B8E4AB728892F0F00432728 /* ViewBinding.swift */,
				1B20F799288EC195004EBE9F /* CommonTextField.swift */,
				1B5D699428990BB000AE9495 /* RequestTextField.swift */,
				1B66B235288FB2610062860F /* CommonInputView.swift */,
			);
			path = UIComponents;
			sourceTree = "<group>";
		};
		440D177E0B9EC4919A60E539 /* Pods */ = {
			isa = PBXGroup;
			children = (
				5FD7055645C55C316497802F /* Pods-issue-tracker.debug.xcconfig */,
				E128D463EDE30DD08500270D /* Pods-issue-tracker.release.xcconfig */,
			);
			path = Pods;
			sourceTree = "<group>";
		};
		A7F487DF3B8972BAF813A75C /* Frameworks */ = {
			isa = PBXGroup;
			children = (
				0A1B3EB3BD4AA49D6B4DC9B7 /* Pods_issue_tracker.framework */,
			);
			name = Frameworks;
			sourceTree = "<group>";
		};
/* End PBXGroup section */

/* Begin PBXNativeTarget section */
		1B3C0644287BDD15006A36CF /* issue-tracker */ = {
			isa = PBXNativeTarget;
			buildConfigurationList = 1B3C0659287BDD17006A36CF /* Build configuration list for PBXNativeTarget "issue-tracker" */;
			buildPhases = (
				50EBA2A31AEFFEB42CB23D55 /* [CP] Check Pods Manifest.lock */,
				1B3C0641287BDD15006A36CF /* Sources */,
				1B3C0642287BDD15006A36CF /* Frameworks */,
				1B3C0643287BDD15006A36CF /* Resources */,
				F831AB947A411E0880D4F313 /* [CP] Embed Pods Frameworks */,
			);
			buildRules = (
			);
			dependencies = (
			);
			name = "issue-tracker";
			packageProductDependencies = (
			);
			productName = "issue-tracker";
			productReference = 1B3C0645287BDD15006A36CF /* issue-tracker.app */;
			productType = "com.apple.product-type.application";
		};
/* End PBXNativeTarget section */

/* Begin PBXProject section */
		1B3C063D287BDD15006A36CF /* Project object */ = {
			isa = PBXProject;
			attributes = {
				BuildIndependentTargetsInParallel = 1;
				LastSwiftUpdateCheck = 1340;
				LastUpgradeCheck = 1340;
				TargetAttributes = {
					1B3C0644287BDD15006A36CF = {
						CreatedOnToolsVersion = 13.4;
					};
				};
			};
			buildConfigurationList = 1B3C0640287BDD15006A36CF /* Build configuration list for PBXProject "issue-tracker" */;
			compatibilityVersion = "Xcode 13.0";
			developmentRegion = en;
			hasScannedForEncodings = 0;
			knownRegions = (
				en,
				Base,
			);
			mainGroup = 1B3C063C287BDD15006A36CF;
			packageReferences = (
			);
			productRefGroup = 1B3C0646287BDD15006A36CF /* Products */;
			projectDirPath = "";
			projectRoot = "";
			targets = (
				1B3C0644287BDD15006A36CF /* issue-tracker */,
			);
		};
/* End PBXProject section */

/* Begin PBXResourcesBuildPhase section */
		1B3C0643287BDD15006A36CF /* Resources */ = {
			isa = PBXResourcesBuildPhase;
			buildActionMask = 2147483647;
			files = (
				1B3C0652287BDD17006A36CF /* Assets.xcassets in Resources */,
			);
			runOnlyForDeploymentPostprocessing = 0;
		};
/* End PBXResourcesBuildPhase section */

/* Begin PBXShellScriptBuildPhase section */
		50EBA2A31AEFFEB42CB23D55 /* [CP] Check Pods Manifest.lock */ = {
			isa = PBXShellScriptBuildPhase;
			buildActionMask = 2147483647;
			files = (
			);
			inputFileListPaths = (
			);
			inputPaths = (
				"${PODS_PODFILE_DIR_PATH}/Podfile.lock",
				"${PODS_ROOT}/Manifest.lock",
			);
			name = "[CP] Check Pods Manifest.lock";
			outputFileListPaths = (
			);
			outputPaths = (
				"$(DERIVED_FILE_DIR)/Pods-issue-tracker-checkManifestLockResult.txt",
			);
			runOnlyForDeploymentPostprocessing = 0;
			shellPath = /bin/sh;
			shellScript = "diff \"${PODS_PODFILE_DIR_PATH}/Podfile.lock\" \"${PODS_ROOT}/Manifest.lock\" > /dev/null\nif [ $? != 0 ] ; then\n    # print error to STDERR\n    echo \"error: The sandbox is not in sync with the Podfile.lock. Run 'pod install' or update your CocoaPods installation.\" >&2\n    exit 1\nfi\n# This output is used by Xcode 'outputs' to avoid re-running this script phase.\necho \"SUCCESS\" > \"${SCRIPT_OUTPUT_FILE_0}\"\n";
			showEnvVarsInLog = 0;
		};
		F831AB947A411E0880D4F313 /* [CP] Embed Pods Frameworks */ = {
			isa = PBXShellScriptBuildPhase;
			buildActionMask = 2147483647;
			files = (
			);
			inputFileListPaths = (
				"${PODS_ROOT}/Target Support Files/Pods-issue-tracker/Pods-issue-tracker-frameworks-${CONFIGURATION}-input-files.xcfilelist",
			);
			name = "[CP] Embed Pods Frameworks";
			outputFileListPaths = (
				"${PODS_ROOT}/Target Support Files/Pods-issue-tracker/Pods-issue-tracker-frameworks-${CONFIGURATION}-output-files.xcfilelist",
			);
			runOnlyForDeploymentPostprocessing = 0;
			shellPath = /bin/sh;
			shellScript = "\"${PODS_ROOT}/Target Support Files/Pods-issue-tracker/Pods-issue-tracker-frameworks.sh\"\n";
			showEnvVarsInLog = 0;
		};
/* End PBXShellScriptBuildPhase section */

/* Begin PBXSourcesBuildPhase section */
		1B3C0641287BDD15006A36CF /* Sources */ = {
			isa = PBXSourcesBuildPhase;
			buildActionMask = 2147483647;
			files = (
				1B5D698B2898D65B00AE9495 /* UIView+Extension.swift in Sources */,
				1B8E4A9A2887CE0300432728 /* IssueListViewController.swift in Sources */,
				1B5D69932898DF6500AE9495 /* RequestBuilder.swift in Sources */,
				1B8E4AA22887DAB200432728 /* CommonProxyViewController.swift in Sources */,
				1B8E4AB02889115200432728 /* SettingsViewController.swift in Sources */,
				1B3C0660287BE02E006A36CF /* LoginViewController.swift in Sources */,
				1B8E4AA6288910E200432728 /* IssueListNavigationController.swift in Sources */,
				1B0808832893E1B2001704C2 /* URL+Extension.swift in Sources */,
				1B0808852893E4B8001704C2 /* UIAlertController+Extension.swift in Sources */,
				1B080889289809E6001704C2 /* UIScrollView+Extension.swift in Sources */,
				1B8E4AAA2889110900432728 /* SettingsNavigationController.swift in Sources */,
				1B5D699528990BB000AE9495 /* RequestTextField.swift in Sources */,
				1BBA3E9C287D2A5800DC57A0 /* SignInCategoryViewController.swift in Sources */,
				1B8E4AB428892EF200432728 /* IssueListTableViewCell.swift in Sources */,
				1B66B236288FB2610062860F /* CommonInputView.swift in Sources */,
				1BBA3EA1287D6A9E00DC57A0 /* HorizontalTitleTextField.swift in Sources */,
				1B8E4AB228892AEF00432728 /* IssueEditViewController.swift in Sources */,
				1B8E4AA8288910FF00432728 /* MyPageNavigationController.swift in Sources */,
				1B8E4A982886DD5200432728 /* SignInLoginButton.swift in Sources */,
				1B7985F628925152004E1EEA /* NSAttributedString+Extension.swift in Sources */,
				1B8E4AA02887DAAA00432728 /* SettingProxyViewController.swift in Sources */,
				1BBA3EA3287D800900DC57A0 /* HorizontalButtons.swift in Sources */,
				1BBA3E9E287D30F600DC57A0 /* SignInViewController.swift in Sources */,
				1B8E4AA428890E4500432728 /* MainTabBarController.swift in Sources */,
				1B8E4A942886184000432728 /* SeparatorLineView.swift in Sources */,
				1B08088728979768001704C2 /* SignInFormViewController.swift in Sources */,
				1B8E4AAE2889114A00432728 /* MyPageViewController.swift in Sources */,
				1B5D6999289A461200AE9495 /* RequestHTTPTimerModel.swift in Sources */,
				1B8E4AB828892F0F00432728 /* ViewBinding.swift in Sources */,
				1B5D6997289A3E0600AE9495 /* DescriptionLabel.swift in Sources */,
				1B8E4A96288684EA00432728 /* OpaqueLoadingView.swift in Sources */,
				1B8E4AB628892F0B00432728 /* ViewBindable.swift in Sources */,
				1B3C0649287BDD15006A36CF /* AppDelegate.swift in Sources */,
				1B20F79D288FA34E004EBE9F /* LoginModel.swift in Sources */,
				1B3C064B287BDD15006A36CF /* SceneDelegate.swift in Sources */,
				1B20F79A288EC195004EBE9F /* CommonTextField.swift in Sources */,
				1BF71602287C3B9F002B0253 /* LoginNavigationController.swift in Sources */,
				1B5D698E2898DF3200AE9495 /* RequestHTTPModel.swift in Sources */,
			);
			runOnlyForDeploymentPostprocessing = 0;
		};
/* End PBXSourcesBuildPhase section */

/* Begin XCBuildConfiguration section */
		1B3C0657287BDD17006A36CF /* Debug */ = {
			isa = XCBuildConfiguration;
			buildSettings = {
				ALWAYS_SEARCH_USER_PATHS = NO;
				CLANG_ANALYZER_NONNULL = YES;
				CLANG_ANALYZER_NUMBER_OBJECT_CONVERSION = YES_AGGRESSIVE;
				CLANG_CXX_LANGUAGE_STANDARD = "gnu++17";
				CLANG_ENABLE_MODULES = YES;
				CLANG_ENABLE_OBJC_ARC = YES;
				CLANG_ENABLE_OBJC_WEAK = YES;
				CLANG_WARN_BLOCK_CAPTURE_AUTORELEASING = YES;
				CLANG_WARN_BOOL_CONVERSION = YES;
				CLANG_WARN_COMMA = YES;
				CLANG_WARN_CONSTANT_CONVERSION = YES;
				CLANG_WARN_DEPRECATED_OBJC_IMPLEMENTATIONS = YES;
				CLANG_WARN_DIRECT_OBJC_ISA_USAGE = YES_ERROR;
				CLANG_WARN_DOCUMENTATION_COMMENTS = YES;
				CLANG_WARN_EMPTY_BODY = YES;
				CLANG_WARN_ENUM_CONVERSION = YES;
				CLANG_WARN_INFINITE_RECURSION = YES;
				CLANG_WARN_INT_CONVERSION = YES;
				CLANG_WARN_NON_LITERAL_NULL_CONVERSION = YES;
				CLANG_WARN_OBJC_IMPLICIT_RETAIN_SELF = YES;
				CLANG_WARN_OBJC_LITERAL_CONVERSION = YES;
				CLANG_WARN_OBJC_ROOT_CLASS = YES_ERROR;
				CLANG_WARN_QUOTED_INCLUDE_IN_FRAMEWORK_HEADER = YES;
				CLANG_WARN_RANGE_LOOP_ANALYSIS = YES;
				CLANG_WARN_STRICT_PROTOTYPES = YES;
				CLANG_WARN_SUSPICIOUS_MOVE = YES;
				CLANG_WARN_UNGUARDED_AVAILABILITY = YES_AGGRESSIVE;
				CLANG_WARN_UNREACHABLE_CODE = YES;
				CLANG_WARN__DUPLICATE_METHOD_MATCH = YES;
				COPY_PHASE_STRIP = NO;
				DEBUG_INFORMATION_FORMAT = dwarf;
				ENABLE_STRICT_OBJC_MSGSEND = YES;
				ENABLE_TESTABILITY = YES;
				GCC_C_LANGUAGE_STANDARD = gnu11;
				GCC_DYNAMIC_NO_PIC = NO;
				GCC_NO_COMMON_BLOCKS = YES;
				GCC_OPTIMIZATION_LEVEL = 0;
				GCC_PREPROCESSOR_DEFINITIONS = (
					"DEBUG=1",
					"$(inherited)",
				);
				GCC_WARN_64_TO_32_BIT_CONVERSION = YES;
				GCC_WARN_ABOUT_RETURN_TYPE = YES_ERROR;
				GCC_WARN_UNDECLARED_SELECTOR = YES;
				GCC_WARN_UNINITIALIZED_AUTOS = YES_AGGRESSIVE;
				GCC_WARN_UNUSED_FUNCTION = YES;
				GCC_WARN_UNUSED_VARIABLE = YES;
				IPHONEOS_DEPLOYMENT_TARGET = 14.5;
				MTL_ENABLE_DEBUG_INFO = INCLUDE_SOURCE;
				MTL_FAST_MATH = YES;
				ONLY_ACTIVE_ARCH = YES;
				SDKROOT = iphoneos;
				SWIFT_ACTIVE_COMPILATION_CONDITIONS = DEBUG;
				SWIFT_OPTIMIZATION_LEVEL = "-Onone";
			};
			name = Debug;
		};
		1B3C0658287BDD17006A36CF /* Release */ = {
			isa = XCBuildConfiguration;
			buildSettings = {
				ALWAYS_SEARCH_USER_PATHS = NO;
				CLANG_ANALYZER_NONNULL = YES;
				CLANG_ANALYZER_NUMBER_OBJECT_CONVERSION = YES_AGGRESSIVE;
				CLANG_CXX_LANGUAGE_STANDARD = "gnu++17";
				CLANG_ENABLE_MODULES = YES;
				CLANG_ENABLE_OBJC_ARC = YES;
				CLANG_ENABLE_OBJC_WEAK = YES;
				CLANG_WARN_BLOCK_CAPTURE_AUTORELEASING = YES;
				CLANG_WARN_BOOL_CONVERSION = YES;
				CLANG_WARN_COMMA = YES;
				CLANG_WARN_CONSTANT_CONVERSION = YES;
				CLANG_WARN_DEPRECATED_OBJC_IMPLEMENTATIONS = YES;
				CLANG_WARN_DIRECT_OBJC_ISA_USAGE = YES_ERROR;
				CLANG_WARN_DOCUMENTATION_COMMENTS = YES;
				CLANG_WARN_EMPTY_BODY = YES;
				CLANG_WARN_ENUM_CONVERSION = YES;
				CLANG_WARN_INFINITE_RECURSION = YES;
				CLANG_WARN_INT_CONVERSION = YES;
				CLANG_WARN_NON_LITERAL_NULL_CONVERSION = YES;
				CLANG_WARN_OBJC_IMPLICIT_RETAIN_SELF = YES;
				CLANG_WARN_OBJC_LITERAL_CONVERSION = YES;
				CLANG_WARN_OBJC_ROOT_CLASS = YES_ERROR;
				CLANG_WARN_QUOTED_INCLUDE_IN_FRAMEWORK_HEADER = YES;
				CLANG_WARN_RANGE_LOOP_ANALYSIS = YES;
				CLANG_WARN_STRICT_PROTOTYPES = YES;
				CLANG_WARN_SUSPICIOUS_MOVE = YES;
				CLANG_WARN_UNGUARDED_AVAILABILITY = YES_AGGRESSIVE;
				CLANG_WARN_UNREACHABLE_CODE = YES;
				CLANG_WARN__DUPLICATE_METHOD_MATCH = YES;
				COPY_PHASE_STRIP = NO;
				DEBUG_INFORMATION_FORMAT = "dwarf-with-dsym";
				ENABLE_NS_ASSERTIONS = NO;
				ENABLE_STRICT_OBJC_MSGSEND = YES;
				GCC_C_LANGUAGE_STANDARD = gnu11;
				GCC_NO_COMMON_BLOCKS = YES;
				GCC_WARN_64_TO_32_BIT_CONVERSION = YES;
				GCC_WARN_ABOUT_RETURN_TYPE = YES_ERROR;
				GCC_WARN_UNDECLARED_SELECTOR = YES;
				GCC_WARN_UNINITIALIZED_AUTOS = YES_AGGRESSIVE;
				GCC_WARN_UNUSED_FUNCTION = YES;
				GCC_WARN_UNUSED_VARIABLE = YES;
				IPHONEOS_DEPLOYMENT_TARGET = 14.5;
				MTL_ENABLE_DEBUG_INFO = NO;
				MTL_FAST_MATH = YES;
				SDKROOT = iphoneos;
				SWIFT_COMPILATION_MODE = wholemodule;
				SWIFT_OPTIMIZATION_LEVEL = "-O";
				VALIDATE_PRODUCT = YES;
			};
			name = Release;
		};
		1B3C065A287BDD17006A36CF /* Debug */ = {
			isa = XCBuildConfiguration;
			baseConfigurationReference = 1B0808812893DDC2001704C2 /* RELEASE.xcconfig */;
			buildSettings = {
				ASSETCATALOG_COMPILER_APPICON_NAME = AppIcon;
				ASSETCATALOG_COMPILER_GLOBAL_ACCENT_COLOR_NAME = AccentColor;
				CODE_SIGN_ENTITLEMENTS = "issue-tracker/issue-tracker.entitlements";
				CODE_SIGN_STYLE = Automatic;
				CURRENT_PROJECT_VERSION = 1;
				DEVELOPMENT_TEAM = L3ZPWB4HNK;
				GENERATE_INFOPLIST_FILE = YES;
				INFOPLIST_FILE = "issue-tracker/Resources/Info.plist";
				INFOPLIST_KEY_CFBundleDisplayName = "issue-tracker";
				INFOPLIST_KEY_UIApplicationSupportsIndirectInputEvents = YES;
				INFOPLIST_KEY_UILaunchStoryboardName = LaunchScreen;
				INFOPLIST_KEY_UIRequiresFullScreen = YES;
				INFOPLIST_KEY_UISupportedInterfaceOrientations_iPad = "UIInterfaceOrientationPortrait UIInterfaceOrientationPortraitUpsideDown UIInterfaceOrientationLandscapeLeft UIInterfaceOrientationLandscapeRight";
				INFOPLIST_KEY_UISupportedInterfaceOrientations_iPhone = "UIInterfaceOrientationPortrait UIInterfaceOrientationLandscapeLeft UIInterfaceOrientationLandscapeRight";
				LD_RUNPATH_SEARCH_PATHS = (
					"$(inherited)",
					"@executable_path/Frameworks",
				);
				MARKETING_VERSION = 1.0;
				PRODUCT_BUNDLE_IDENTIFIER = com.sanghwiback.issuetracker;
				PRODUCT_NAME = "$(TARGET_NAME)";
				SWIFT_EMIT_LOC_STRINGS = YES;
				SWIFT_VERSION = 5.0;
				TARGETED_DEVICE_FAMILY = "1,2";
			};
			name = Debug;
		};
		1B3C065B287BDD17006A36CF /* Release */ = {
			isa = XCBuildConfiguration;
			baseConfigurationReference = 1B0808812893DDC2001704C2 /* RELEASE.xcconfig */;
			buildSettings = {
				ASSETCATALOG_COMPILER_APPICON_NAME = AppIcon;
				ASSETCATALOG_COMPILER_GLOBAL_ACCENT_COLOR_NAME = AccentColor;
				CODE_SIGN_ENTITLEMENTS = "issue-tracker/issue-tracker.entitlements";
				CODE_SIGN_STYLE = Automatic;
				CURRENT_PROJECT_VERSION = 1;
				DEVELOPMENT_TEAM = L3ZPWB4HNK;
				GENERATE_INFOPLIST_FILE = YES;
				INFOPLIST_FILE = "issue-tracker/Resources/Info.plist";
				INFOPLIST_KEY_CFBundleDisplayName = "issue-tracker";
				INFOPLIST_KEY_UIApplicationSupportsIndirectInputEvents = YES;
				INFOPLIST_KEY_UILaunchStoryboardName = LaunchScreen;
				INFOPLIST_KEY_UIRequiresFullScreen = YES;
				INFOPLIST_KEY_UISupportedInterfaceOrientations_iPad = "UIInterfaceOrientationPortrait UIInterfaceOrientationPortraitUpsideDown UIInterfaceOrientationLandscapeLeft UIInterfaceOrientationLandscapeRight";
				INFOPLIST_KEY_UISupportedInterfaceOrientations_iPhone = "UIInterfaceOrientationPortrait UIInterfaceOrientationLandscapeLeft UIInterfaceOrientationLandscapeRight";
				LD_RUNPATH_SEARCH_PATHS = (
					"$(inherited)",
					"@executable_path/Frameworks",
				);
				MARKETING_VERSION = 1.0;
				PRODUCT_BUNDLE_IDENTIFIER = com.sanghwiback.issuetracker;
				PRODUCT_NAME = "$(TARGET_NAME)";
				SWIFT_EMIT_LOC_STRINGS = YES;
				SWIFT_VERSION = 5.0;
				TARGETED_DEVICE_FAMILY = "1,2";
			};
			name = Release;
		};
/* End XCBuildConfiguration section */

/* Begin XCConfigurationList section */
		1B3C0640287BDD15006A36CF /* Build configuration list for PBXProject "issue-tracker" */ = {
			isa = XCConfigurationList;
			buildConfigurations = (
				1B3C0657287BDD17006A36CF /* Debug */,
				1B3C0658287BDD17006A36CF /* Release */,
			);
			defaultConfigurationIsVisible = 0;
			defaultConfigurationName = Release;
		};
		1B3C0659287BDD17006A36CF /* Build configuration list for PBXNativeTarget "issue-tracker" */ = {
			isa = XCConfigurationList;
			buildConfigurations = (
				1B3C065A287BDD17006A36CF /* Debug */,
				1B3C065B287BDD17006A36CF /* Release */,
			);
			defaultConfigurationIsVisible = 0;
			defaultConfigurationName = Release;
		};
/* End XCConfigurationList section */
	};
	rootObject = 1B3C063D287BDD15006A36CF /* Project object */;
}
